
Microsoft Visual Studio Solution File, Format Version 12.00
# Visual Studio Version 16
VisualStudioVersion = 16.0.34031.81
MinimumVisualStudioVersion = 10.0.40219.1
Project("{2150E333-8FDC-42A3-9474-1A3956D46DE8}") = "Task0", "Task0", "{9195E460-5B8A-4EF7-8E5F-799A07E2383A}"
EndProject
Project("{FAE04EC0-301F-11D3-BF4B-00C04F79EFBC}") = "Tyuiu.ShadrinEA.Sprint2.Task0.V26", "Tyuiu.ShadrinEA.Sprint2.Task0.V0\Tyuiu.ShadrinEA.Sprint2.Task0.V26.csproj", "{ADC1731F-B423-41B6-8087-4D804C3F2DB9}"
EndProject
Project("{FAE04EC0-301F-11D3-BF4B-00C04F79EFBC}") = "Tyuiu.ShadrinEA.Sprint2.Task0.V26.Lib", "Tyuiu.ShadrinEA.Sprint2.Task0.V0.Lib\Tyuiu.ShadrinEA.Sprint2.Task0.V26.Lib.csproj", "{557545C5-AABE-4C27-B9F7-E2A05027BBCD}"
EndProject
Project("{FAE04EC0-301F-11D3-BF4B-00C04F79EFBC}") = "Tyuiu.ShadrinEA.Sprint2.Task0.V26.Test", "Tyuiu.ShadrinEA.Sprint2.Task0.V0.Test\Tyuiu.ShadrinEA.Sprint2.Task0.V26.Test.csproj", "{AC19FDBA-53B7-47D8-B368-4BB25516CA7E}"
EndProject
Project("{2150E333-8FDC-42A3-9474-1A3956D46DE8}") = "Task1", "Task1", "{2BC0C7BC-E86B-4075-85C3-76252ABA202F}"
EndProject
Project("{FAE04EC0-301F-11D3-BF4B-00C04F79EFBC}") = "Tyuiu.ShadrinEA.Sprint2.Task1.V6", "Tyuiu.ShadrinEA.Sprint2.Task1.V6\Tyuiu.ShadrinEA.Sprint2.Task1.V6.csproj", "{265BDD37-464F-422E-834F-7077C52270F6}"
EndProject
Project("{FAE04EC0-301F-11D3-BF4B-00C04F79EFBC}") = "Tyuiu.ShadrinEA.Sprint2.Task1.V6.Lib", "Tyuiu.ShadrinEA.Sprint2.Task1.V6.Lib\Tyuiu.ShadrinEA.Sprint2.Task1.V6.Lib.csproj", "{C1C7BE5F-87F9-4748-9926-D7E59EFD31B8}"
EndProject
Project("{FAE04EC0-301F-11D3-BF4B-00C04F79EFBC}") = "Tyuiu.ShadrinEA.Sprint2.Task1.V6.Test", "Tyuiu.ShadrinEA.Sprint2.Task1.V6.Test\Tyuiu.ShadrinEA.Sprint2.Task1.V6.Test.csproj", "{91FCD71A-DD7E-49DB-97F4-F6E0C6F0E8B2}"
EndProject
Project("{2150E333-8FDC-42A3-9474-1A3956D46DE8}") = "Task2", "Task2", "{CB489310-5A7A-4E83-9964-9597870DDD07}"
EndProject
Project("{FAE04EC0-301F-11D3-BF4B-00C04F79EFBC}") = "Tyuiu.ShadrinEA.Sprint2.Task2.V4", "Tyuiu.ShadrinEA.Sprint2.Task2.V4\Tyuiu.ShadrinEA.Sprint2.Task2.V4.csproj", "{7EBB83A7-71C6-4261-A719-35740AE813A9}"
EndProject
Project("{FAE04EC0-301F-11D3-BF4B-00C04F79EFBC}") = "Tyuiu.ShadrinEA.Sprint2.Task2.V4.Lib", "Tyuiu.ShadrinEA.Sprint2.Task2.V4.Lib\Tyuiu.ShadrinEA.Sprint2.Task2.V4.Lib.csproj", "{2E976791-C4C5-47FD-A701-DDED14701941}"
EndProject
Project("{FAE04EC0-301F-11D3-BF4B-00C04F79EFBC}") = "Tyuiu.ShadrinEA.Sprint2.Task2.V4.Test", "Tyuiu.ShadrinEA.Sprint2.Task2.V4.Test\Tyuiu.ShadrinEA.Sprint2.Task2.V4.Test.csproj", "{3C343813-EE27-4935-8BE5-76B0BDAE24ED}"
EndProject
Project("{2150E333-8FDC-42A3-9474-1A3956D46DE8}") = "Task3", "Task3", "{0BB20187-C1F0-4BD5-B894-78DAD0D20387}"
EndProject
Project("{FAE04EC0-301F-11D3-BF4B-00C04F79EFBC}") = "Tyuiu.ShadrinEA.Sprint2.Task3.V5", "Tyuiu.ShadrinEA.Sprint2.Task3.V5\Tyuiu.ShadrinEA.Sprint2.Task3.V5.csproj", "{9BC4F21E-F86E-4C9A-9C0C-7B994A7E267E}"
EndProject
Project("{FAE04EC0-301F-11D3-BF4B-00C04F79EFBC}") = "Tyuiu.ShadrinEA.Sprint2.Task3.V5.Lib", "Tyuiu.ShadrinEA.Sprint2.Task3.V5.Lib\Tyuiu.ShadrinEA.Sprint2.Task3.V5.Lib.csproj", "{0D8FD557-761F-47F5-A707-9B5BE1FD065A}"
EndProject
Project("{FAE04EC0-301F-11D3-BF4B-00C04F79EFBC}") = "Tyuiu.ShadrinEA.Sprint2.Task3.V5.Test", "Tyuiu.ShadrinEA.Sprint2.Task3.V5.Test\Tyuiu.ShadrinEA.Sprint2.Task3.V5.Test.csproj", "{B11FEBD5-DBBB-4163-9E70-EC298ABAB0FB}"
EndProject
Global
	GlobalSection(SolutionConfigurationPlatforms) = preSolution
		Debug|Any CPU = Debug|Any CPU
		Release|Any CPU = Release|Any CPU
	EndGlobalSection
	GlobalSection(ProjectConfigurationPlatforms) = postSolution
		{ADC1731F-B423-41B6-8087-4D804C3F2DB9}.Debug|Any CPU.ActiveCfg = Debug|Any CPU
		{ADC1731F-B423-41B6-8087-4D804C3F2DB9}.Debug|Any CPU.Build.0 = Debug|Any CPU
		{ADC1731F-B423-41B6-8087-4D804C3F2DB9}.Release|Any CPU.ActiveCfg = Release|Any CPU
		{ADC1731F-B423-41B6-8087-4D804C3F2DB9}.Release|Any CPU.Build.0 = Release|Any CPU
		{557545C5-AABE-4C27-B9F7-E2A05027BBCD}.Debug|Any CPU.ActiveCfg = Debug|Any CPU
		{557545C5-AABE-4C27-B9F7-E2A05027BBCD}.Debug|Any CPU.Build.0 = Debug|Any CPU
		{557545C5-AABE-4C27-B9F7-E2A05027BBCD}.Release|Any CPU.ActiveCfg = Release|Any CPU
		{557545C5-AABE-4C27-B9F7-E2A05027BBCD}.Release|Any CPU.Build.0 = Release|Any CPU
		{AC19FDBA-53B7-47D8-B368-4BB25516CA7E}.Debug|Any CPU.ActiveCfg = Debug|Any CPU
		{AC19FDBA-53B7-47D8-B368-4BB25516CA7E}.Debug|Any CPU.Build.0 = Debug|Any CPU
		{AC19FDBA-53B7-47D8-B368-4BB25516CA7E}.Release|Any CPU.ActiveCfg = Release|Any CPU
		{AC19FDBA-53B7-47D8-B368-4BB25516CA7E}.Release|Any CPU.Build.0 = Release|Any CPU
		{265BDD37-464F-422E-834F-7077C52270F6}.Debug|Any CPU.ActiveCfg = Debug|Any CPU
		{265BDD37-464F-422E-834F-7077C52270F6}.Debug|Any CPU.Build.0 = Debug|Any CPU
		{265BDD37-464F-422E-834F-7077C52270F6}.Release|Any CPU.ActiveCfg = Release|Any CPU
		{265BDD37-464F-422E-834F-7077C52270F6}.Release|Any CPU.Build.0 = Release|Any CPU
		{C1C7BE5F-87F9-4748-9926-D7E59EFD31B8}.Debug|Any CPU.ActiveCfg = Debug|Any CPU
		{C1C7BE5F-87F9-4748-9926-D7E59EFD31B8}.Debug|Any CPU.Build.0 = Debug|Any CPU
		{C1C7BE5F-87F9-4748-9926-D7E59EFD31B8}.Release|Any CPU.ActiveCfg = Release|Any CPU
		{C1C7BE5F-87F9-4748-9926-D7E59EFD31B8}.Release|Any CPU.Build.0 = Release|Any CPU
		{91FCD71A-DD7E-49DB-97F4-F6E0C6F0E8B2}.Debug|Any CPU.ActiveCfg = Debug|Any CPU
		{91FCD71A-DD7E-49DB-97F4-F6E0C6F0E8B2}.Debug|Any CPU.Build.0 = Debug|Any CPU
		{91FCD71A-DD7E-49DB-97F4-F6E0C6F0E8B2}.Release|Any CPU.ActiveCfg = Release|Any CPU
		{91FCD71A-DD7E-49DB-97F4-F6E0C6F0E8B2}.Release|Any CPU.Build.0 = Release|Any CPU
		{7EBB83A7-71C6-4261-A719-35740AE813A9}.Debug|Any CPU.ActiveCfg = Debug|Any CPU
		{7EBB83A7-71C6-4261-A719-35740AE813A9}.Debug|Any CPU.Build.0 = Debug|Any CPU
		{7EBB83A7-71C6-4261-A719-35740AE813A9}.Release|Any CPU.ActiveCfg = Release|Any CPU
		{7EBB83A7-71C6-4261-A719-35740AE813A9}.Release|Any CPU.Build.0 = Release|Any CPU
		{2E976791-C4C5-47FD-A701-DDED14701941}.Debug|Any CPU.ActiveCfg = Debug|Any CPU
		{2E976791-C4C5-47FD-A701-DDED14701941}.Debug|Any CPU.Build.0 = Debug|Any CPU
		{2E976791-C4C5-47FD-A701-DDED14701941}.Release|Any CPU.ActiveCfg = Release|Any CPU
		{2E976791-C4C5-47FD-A701-DDED14701941}.Release|Any CPU.Build.0 = Release|Any CPU
		{3C343813-EE27-4935-8BE5-76B0BDAE24ED}.Debug|Any CPU.ActiveCfg = Debug|Any CPU
		{3C343813-EE27-4935-8BE5-76B0BDAE24ED}.Debug|Any CPU.Build.0 = Debug|Any CPU
		{3C343813-EE27-4935-8BE5-76B0BDAE24ED}.Release|Any CPU.ActiveCfg = Release|Any CPU
		{3C343813-EE27-4935-8BE5-76B0BDAE24ED}.Release|Any CPU.Build.0 = Release|Any CPU
		{9BC4F21E-F86E-4C9A-9C0C-7B994A7E267E}.Debug|Any CPU.ActiveCfg = Debug|Any CPU
		{9BC4F21E-F86E-4C9A-9C0C-7B994A7E267E}.Debug|Any CPU.Build.0 = Debug|Any CPU
		{9BC4F21E-F86E-4C9A-9C0C-7B994A7E267E}.Release|Any CPU.ActiveCfg = Release|Any CPU
		{9BC4F21E-F86E-4C9A-9C0C-7B994A7E267E}.Release|Any CPU.Build.0 = Release|Any CPU
		{0D8FD557-761F-47F5-A707-9B5BE1FD065A}.Debug|Any CPU.ActiveCfg = Debug|Any CPU
		{0D8FD557-761F-47F5-A707-9B5BE1FD065A}.Debug|Any CPU.Build.0 = Debug|Any CPU
		{0D8FD557-761F-47F5-A707-9B5BE1FD065A}.Release|Any CPU.ActiveCfg = Release|Any CPU
		{0D8FD557-761F-47F5-A707-9B5BE1FD065A}.Release|Any CPU.Build.0 = Release|Any CPU
		{B11FEBD5-DBBB-4163-9E70-EC298ABAB0FB}.Debug|Any CPU.ActiveCfg = Debug|Any CPU
		{B11FEBD5-DBBB-4163-9E70-EC298ABAB0FB}.Debug|Any CPU.Build.0 = Debug|Any CPU
		{B11FEBD5-DBBB-4163-9E70-EC298ABAB0FB}.Release|Any CPU.ActiveCfg = Release|Any CPU
		{B11FEBD5-DBBB-4163-9E70-EC298ABAB0FB}.Release|Any CPU.Build.0 = Release|Any CPU
	EndGlobalSection
	GlobalSection(SolutionProperties) = preSolution
		HideSolutionNode = FALSE
	EndGlobalSection
	GlobalSection(NestedProjects) = preSolution
		{ADC1731F-B423-41B6-8087-4D804C3F2DB9} = {9195E460-5B8A-4EF7-8E5F-799A07E2383A}
		{557545C5-AABE-4C27-B9F7-E2A05027BBCD} = {9195E460-5B8A-4EF7-8E5F-799A07E2383A}
		{AC19FDBA-53B7-47D8-B368-4BB25516CA7E} = {9195E460-5B8A-4EF7-8E5F-799A07E2383A}
		{265BDD37-464F-422E-834F-7077C52270F6} = {2BC0C7BC-E86B-4075-85C3-76252ABA202F}
		{C1C7BE5F-87F9-4748-9926-D7E59EFD31B8} = {2BC0C7BC-E86B-4075-85C3-76252ABA202F}
		{91FCD71A-DD7E-49DB-97F4-F6E0C6F0E8B2} = {2BC0C7BC-E86B-4075-85C3-76252ABA202F}
		{7EBB83A7-71C6-4261-A719-35740AE813A9} = {CB489310-5A7A-4E83-9964-9597870DDD07}
		{2E976791-C4C5-47FD-A701-DDED14701941} = {CB489310-5A7A-4E83-9964-9597870DDD07}
		{3C343813-EE27-4935-8BE5-76B0BDAE24ED} = {CB489310-5A7A-4E83-9964-9597870DDD07}
		{9BC4F21E-F86E-4C9A-9C0C-7B994A7E267E} = {0BB20187-C1F0-4BD5-B894-78DAD0D20387}
		{0D8FD557-761F-47F5-A707-9B5BE1FD065A} = {0BB20187-C1F0-4BD5-B894-78DAD0D20387}
		{B11FEBD5-DBBB-4163-9E70-EC298ABAB0FB} = {0BB20187-C1F0-4BD5-B894-78DAD0D20387}
	EndGlobalSection
	GlobalSection(ExtensibilityGlobals) = postSolution
		SolutionGuid = {7C04F463-FE41-4F96-A5E7-E6CCD4F57B2B}
	EndGlobalSection
EndGlobal
